
Microsoft Visual Studio Solution File, Format Version 12.00
# Visual Studio 15
VisualStudioVersion = 15.0.28010.2041
MinimumVisualStudioVersion = 10.0.40219.1
Project("{9092AA53-FB77-4645-B42D-1CCCA6BD08BD}") = "TripReviewSystemNodejsSolution", "TripReviewSystemNodejsSolution\TripReviewSystemNodejsSolution.njsproj", "{EFE90749-79DF-427C-95B3-2CF4DB76A870}"
EndProject
Global
	GlobalSection(SolutionConfigurationPlatforms) = preSolution
		Debug|Any CPU = Debug|Any CPU
		Release|Any CPU = Release|Any CPU
	EndGlobalSection
	GlobalSection(ProjectConfigurationPlatforms) = postSolution
		{EFE90749-79DF-427C-95B3-2CF4DB76A870}.Debug|Any CPU.ActiveCfg = Debug|Any CPU
		{EFE90749-79DF-427C-95B3-2CF4DB76A870}.Debug|Any CPU.Build.0 = Debug|Any CPU
		{EFE90749-79DF-427C-95B3-2CF4DB76A870}.Release|Any CPU.ActiveCfg = Release|Any CPU
		{EFE90749-79DF-427C-95B3-2CF4DB76A870}.Release|Any CPU.Build.0 = Release|Any CPU
	EndGlobalSection
	GlobalSection(SolutionProperties) = preSolution
		HideSolutionNode = FALSE
	EndGlobalSection
	GlobalSection(ExtensibilityGlobals) = postSolution
		SolutionGuid = {29CC67D0-2F29-4376-8CFE-3123ADF4A628}
	EndGlobalSection
EndGlobal
